{
    "_readme": [
        "This file locks the dependencies of your project to a known state",
        "Read more about it at https://getcomposer.org/doc/01-basic-usage.md#installing-dependencies",
        "This file is @generated automatically"
    ],
    "content-hash": "e9128f04e386a7c17d3e84600d45c7d5",
    "packages": [
        {
            "name": "cebe/markdown",
            "version": "1.2.1",
            "source": {
                "type": "git",
                "url": "https://github.com/cebe/markdown.git",
                "reference": "9bac5e971dd391e2802dca5400bbeacbaea9eb86"
            },
            "dist": {
                "type": "zip",
                "url": "https://api.github.com/repos/cebe/markdown/zipball/9bac5e971dd391e2802dca5400bbeacbaea9eb86",
                "reference": "9bac5e971dd391e2802dca5400bbeacbaea9eb86",
                "shasum": "",
                "mirrors": [
                    {
                        "url": "https://mirrors.aliyun.com/composer/dists/%package%/%reference%.%type%",
                        "preferred": true
                    }
                ]
            },
            "require": {
                "lib-pcre": "*",
                "php": ">=5.4.0"
            },
            "require-dev": {
                "cebe/indent": "*",
                "facebook/xhprof": "*@dev",
                "phpunit/phpunit": "4.1.*"
            },
            "bin": [
                "bin/markdown"
            ],
            "type": "library",
            "extra": {
                "branch-alias": {
                    "dev-master": "1.2.x-dev"
                }
            },
            "autoload": {
                "psr-4": {
                    "cebe\\markdown\\": ""
                }
            },
            "notification-url": "https://packagist.org/downloads/",
            "license": [
                "MIT"
            ],
            "authors": [
                {
                    "name": "Carsten Brandt",
                    "email": "mail@cebe.cc",
                    "homepage": "http://cebe.cc/",
                    "role": "Creator"
                }
            ],
            "description": "A super fast, highly extensible markdown parser for PHP",
            "homepage": "https://github.com/cebe/markdown#readme",
            "keywords": [
                "extensible",
                "fast",
                "gfm",
                "markdown",
                "markdown-extra"
            ],
            "time": "2018-03-26T11:24:36+00:00"
        },
        {
            "name": "ezyang/htmlpurifier",
            "version": "v4.13.0",
            "source": {
                "type": "git",
                "url": "https://github.com/ezyang/htmlpurifier.git",
                "reference": "08e27c97e4c6ed02f37c5b2b20488046c8d90d75"
            },
            "dist": {
                "type": "zip",
                "url": "https://api.github.com/repos/ezyang/htmlpurifier/zipball/08e27c97e4c6ed02f37c5b2b20488046c8d90d75",
                "reference": "08e27c97e4c6ed02f37c5b2b20488046c8d90d75",
                "shasum": "",
                "mirrors": [
                    {
                        "url": "https://mirrors.aliyun.com/composer/dists/%package%/%reference%.%type%",
                        "preferred": true
                    }
                ]
            },
            "require": {
                "php": ">=5.2"
            },
            "require-dev": {
                "simpletest/simpletest": "dev-master#72de02a7b80c6bb8864ef9bf66d41d2f58f826bd"
            },
            "type": "library",
            "autoload": {
                "psr-0": {
                    "HTMLPurifier": "library/"
                },
                "files": [
                    "library/HTMLPurifier.composer.php"
                ],
                "exclude-from-classmap": [
                    "/library/HTMLPurifier/Language/"
                ]
            },
            "notification-url": "https://packagist.org/downloads/",
            "license": [
                "LGPL-2.1-or-later"
            ],
            "authors": [
                {
                    "name": "Edward Z. Yang",
                    "email": "admin@htmlpurifier.org",
                    "homepage": "http://ezyang.com"
                }
            ],
            "description": "Standards compliant HTML filter written in PHP",
            "homepage": "http://htmlpurifier.org/",
            "keywords": [
                "html"
            ],
            "time": "2020-06-29T00:56:53+00:00"
        },
        {
            "name": "leeoniya/dump-r",
            "version": "2.1",
            "source": {
                "type": "git",
                "url": "https://github.com/leeoniya/dump_r.php.git",
                "reference": "f6d3694f4ddd7dc08d7b3900875116eaf600034d"
            },
            "dist": {
                "type": "zip",
                "url": "https://api.github.com/repos/leeoniya/dump_r.php/zipball/f6d3694f4ddd7dc08d7b3900875116eaf600034d",
                "reference": "f6d3694f4ddd7dc08d7b3900875116eaf600034d",
                "shasum": "",
                "mirrors": [
                    {
                        "url": "https://mirrors.aliyun.com/composer/dists/%package%/%reference%.%type%",
                        "preferred": true
                    }
                ]
            },
            "require": {
                "php": ">=5.4.0"
            },
            "suggest": {
                "jdorn/sql-formatter": "Pretty-print dumped SQL strings"
            },
            "type": "library",
            "autoload": {
                "files": [
                    "dump_r.php"
                ],
                "psr-4": {
                    "dump_r\\": "src/dump_r"
                }
            },
            "notification-url": "https://packagist.org/downloads/",
            "license": [
                "MIT"
            ],
            "authors": [
                {
                    "name": "Leon Sorokin",
                    "email": "leeoniya@gmail.com",
                    "homepage": "https://github.com/leeoniya",
                    "role": "Developer"
                }
            ],
            "description": "a cleaner, leaner mix of print_r() and var_dump()",
            "homepage": "https://github.com/leeoniya/dump_r.php",
            "keywords": [
                "debug",
                "dump",
                "pretty",
                "print",
                "print_r",
                "var_dump"
            ],
            "time": "2015-09-04T22:05:16+00:00"
        },
        {
            "name": "symfony/polyfill-ctype",
            "version": "v1.26.0",
            "source": {
                "type": "git",
                "url": "https://github.com/symfony/polyfill-ctype.git",
                "reference": "6fd1b9a79f6e3cf65f9e679b23af304cd9e010d4"
            },
            "dist": {
                "type": "zip",
                "url": "https://api.github.com/repos/symfony/polyfill-ctype/zipball/6fd1b9a79f6e3cf65f9e679b23af304cd9e010d4",
                "reference": "6fd1b9a79f6e3cf65f9e679b23af304cd9e010d4",
                "shasum": ""
            },
            "require": {
                "php": ">=7.1"
            },
            "provide": {
                "ext-ctype": "*"
            },
            "suggest": {
                "ext-ctype": "For best performance"
            },
            "type": "library",
            "extra": {
                "branch-alias": {
                    "dev-main": "1.26-dev"
                },
                "thanks": {
                    "name": "symfony/polyfill",
                    "url": "https://github.com/symfony/polyfill"
                }
            },
            "autoload": {
                "files": [
                    "bootstrap.php"
                ],
                "psr-4": {
                    "Symfony\\Polyfill\\Ctype\\": ""
                }
            },
            "notification-url": "https://packagist.org/downloads/",
            "license": [
                "MIT"
            ],
            "authors": [
                {
                    "name": "Gert de Pagter",
                    "email": "BackEndTea@gmail.com"
                },
                {
                    "name": "Symfony Community",
                    "homepage": "https://symfony.com/contributors"
                }
            ],
            "description": "Symfony polyfill for ctype functions",
            "homepage": "https://symfony.com",
            "keywords": [
                "compatibility",
                "ctype",
                "polyfill",
                "portable"
            ],
            "support": {
                "source": "https://github.com/symfony/polyfill-ctype/tree/v1.26.0"
            },
            "funding": [
                {
                    "url": "https://symfony.com/sponsor",
                    "type": "custom"
                },
                {
                    "url": "https://github.com/fabpot",
                    "type": "github"
                },
                {
                    "url": "https://tidelift.com/funding/github/packagist/symfony/symfony",
                    "type": "tidelift"
                }
            ],
            "time": "2022-05-24T11:49:31+00:00"
        },
        {
            "name": "symfony/polyfill-mbstring",
            "version": "v1.26.0",
            "source": {
                "type": "git",
                "url": "https://github.com/symfony/polyfill-mbstring.git",
                "reference": "9344f9cb97f3b19424af1a21a3b0e75b0a7d8d7e"
            },
            "dist": {
                "type": "zip",
                "url": "https://api.github.com/repos/symfony/polyfill-mbstring/zipball/9344f9cb97f3b19424af1a21a3b0e75b0a7d8d7e",
                "reference": "9344f9cb97f3b19424af1a21a3b0e75b0a7d8d7e",
                "shasum": ""
            },
            "require": {
                "php": ">=7.1"
            },
            "provide": {
                "ext-mbstring": "*"
            },
            "suggest": {
                "ext-mbstring": "For best performance"
            },
            "type": "library",
            "extra": {
                "branch-alias": {
                    "dev-main": "1.26-dev"
                },
                "thanks": {
                    "name": "symfony/polyfill",
                    "url": "https://github.com/symfony/polyfill"
                }
            },
            "autoload": {
                "files": [
                    "bootstrap.php"
                ],
                "psr-4": {
                    "Symfony\\Polyfill\\Mbstring\\": ""
                }
            },
            "notification-url": "https://packagist.org/downloads/",
            "license": [
                "MIT"
            ],
            "authors": [
                {
                    "name": "Nicolas Grekas",
                    "email": "p@tchwork.com"
                },
                {
                    "name": "Symfony Community",
                    "homepage": "https://symfony.com/contributors"
                }
            ],
            "description": "Symfony polyfill for the Mbstring extension",
            "homepage": "https://symfony.com",
            "keywords": [
                "compatibility",
                "mbstring",
                "polyfill",
                "portable",
                "shim"
            ],
            "support": {
                "source": "https://github.com/symfony/polyfill-mbstring/tree/v1.26.0"
            },
            "funding": [
                {
                    "url": "https://symfony.com/sponsor",
                    "type": "custom"
                },
                {
                    "url": "https://github.com/fabpot",
                    "type": "github"
                },
                {
                    "url": "https://tidelift.com/funding/github/packagist/symfony/symfony",
                    "type": "tidelift"
                }
            ],
            "time": "2022-05-24T11:49:31+00:00"
        },
        {
            "name": "symfony/polyfill-php72",
            "version": "v1.26.0",
            "source": {
                "type": "git",
                "url": "https://github.com/symfony/polyfill-php72.git",
                "reference": "bf44a9fd41feaac72b074de600314a93e2ae78e2"
            },
            "dist": {
                "type": "zip",
                "url": "https://api.github.com/repos/symfony/polyfill-php72/zipball/bf44a9fd41feaac72b074de600314a93e2ae78e2",
                "reference": "bf44a9fd41feaac72b074de600314a93e2ae78e2",
                "shasum": ""
            },
            "require": {
                "php": ">=7.1"
            },
            "type": "library",
            "extra": {
                "branch-alias": {
                    "dev-main": "1.26-dev"
                },
                "thanks": {
                    "name": "symfony/polyfill",
                    "url": "https://github.com/symfony/polyfill"
                }
            },
            "autoload": {
                "files": [
                    "bootstrap.php"
                ],
                "psr-4": {
                    "Symfony\\Polyfill\\Php72\\": ""
                }
            },
            "notification-url": "https://packagist.org/downloads/",
            "license": [
                "MIT"
            ],
            "authors": [
                {
                    "name": "Nicolas Grekas",
                    "email": "p@tchwork.com"
                },
                {
                    "name": "Symfony Community",
                    "homepage": "https://symfony.com/contributors"
                }
            ],
            "description": "Symfony polyfill backporting some PHP 7.2+ features to lower PHP versions",
            "homepage": "https://symfony.com",
            "keywords": [
                "compatibility",
                "polyfill",
                "portable",
                "shim"
            ],
            "support": {
                "source": "https://github.com/symfony/polyfill-php72/tree/v1.26.0"
            },
            "funding": [
                {
                    "url": "https://symfony.com/sponsor",
                    "type": "custom"
                },
                {
                    "url": "https://github.com/fabpot",
                    "type": "github"
                },
                {
                    "url": "https://tidelift.com/funding/github/packagist/symfony/symfony",
                    "type": "tidelift"
                }
            ],
            "time": "2022-05-24T11:49:31+00:00"
        },
        {
            "name": "twig/twig",
            "version": "v2.15.3",
            "source": {
                "type": "git",
                "url": "https://github.com/twigphp/Twig.git",
                "reference": "ab402673db8746cb3a4c46f3869d6253699f614a"
            },
            "dist": {
                "type": "zip",
                "url": "https://api.github.com/repos/twigphp/Twig/zipball/ab402673db8746cb3a4c46f3869d6253699f614a",
                "reference": "ab402673db8746cb3a4c46f3869d6253699f614a",
                "shasum": ""
            },
            "require": {
                "php": ">=7.1.3",
                "symfony/polyfill-ctype": "^1.8",
                "symfony/polyfill-mbstring": "^1.3",
                "symfony/polyfill-php72": "^1.8"
            },
            "require-dev": {
                "psr/container": "^1.0",
                "symfony/phpunit-bridge": "^4.4.9|^5.0.9|^6.0"
            },
            "type": "library",
            "extra": {
                "branch-alias": {
                    "dev-master": "2.15-dev"
                }
            },
            "autoload": {
                "psr-0": {
                    "Twig_": "lib/"
                },
                "psr-4": {
                    "Twig\\": "src/"
                }
            },
            "notification-url": "https://packagist.org/downloads/",
            "license": [
                "BSD-3-Clause"
            ],
            "authors": [
                {
                    "name": "Fabien Potencier",
                    "email": "fabien@symfony.com",
                    "homepage": "http://fabien.potencier.org",
                    "role": "Lead Developer"
                },
                {
                    "name": "Twig Team",
                    "role": "Contributors"
                },
                {
                    "name": "Armin Ronacher",
                    "email": "armin.ronacher@active-4.com",
                    "role": "Project Founder"
                }
            ],
            "description": "Twig, the flexible, fast, and secure template language for PHP",
            "homepage": "https://twig.symfony.com",
            "keywords": [
                "templating"
            ],
            "support": {
                "issues": "https://github.com/twigphp/Twig/issues",
                "source": "https://github.com/twigphp/Twig/tree/v2.15.3"
            },
            "funding": [
                {
                    "url": "https://github.com/fabpot",
                    "type": "github"
                },
                {
                    "url": "https://tidelift.com/funding/github/packagist/twig/twig",
                    "type": "tidelift"
                }
            ],
            "time": "2022-09-28T08:40:08+00:00"
        },
        {
            "name": "yidas/yii2-composer-bower-skip",
            "version": "2.0.13",
            "source": {
                "type": "git",
                "url": "https://github.com/yidas/yii2-composer-bower-skip.git",
                "reference": "1156ed4dc2ddca811bd2582d09e8885585fbd0cb"
            },
            "dist": {
                "type": "zip",
                "url": "https://api.github.com/repos/yidas/yii2-composer-bower-skip/zipball/1156ed4dc2ddca811bd2582d09e8885585fbd0cb",
                "reference": "1156ed4dc2ddca811bd2582d09e8885585fbd0cb",
                "shasum": "",
                "mirrors": [
                    {
                        "url": "https://mirrors.aliyun.com/composer/dists/%package%/%reference%.%type%",
                        "preferred": true
                    }
                ]
            },
            "provide": {
                "bower-asset/bootstrap": "*",
                "bower-asset/inputmask": "*",
                "bower-asset/jquery": "*",
                "bower-asset/punycode": "*",
                "bower-asset/typeahead.js": "*",
                "bower-asset/yii2-pjax": "*"
            },
            "type": "yii2-extension",
            "notification-url": "https://packagist.org/downloads/",
            "license": [
                "MIT"
            ],
            "description": "A Composer package that allows you to install or update Yii2 without Bower-Asset",
            "keywords": [
                "bower",
                "bower asset",
                "framework",
                "yii2"
            ],
            "time": "2017-11-03T06:28:14+00:00"
        },
        {
            "name": "yiisoft/yii2",
            "version": "2.0.36",
            "source": {
                "type": "git",
                "url": "https://github.com/yiisoft/yii2-framework.git",
                "reference": "a557111ea6c27794b98c98b76ff3f127eb55f309"
            },
            "dist": {
                "type": "zip",
                "url": "https://api.github.com/repos/yiisoft/yii2-framework/zipball/a557111ea6c27794b98c98b76ff3f127eb55f309",
                "reference": "a557111ea6c27794b98c98b76ff3f127eb55f309",
                "shasum": "",
                "mirrors": [
                    {
                        "url": "https://mirrors.aliyun.com/composer/dists/%package%/%reference%.%type%",
                        "preferred": true
                    }
                ]
            },
            "require": {
                "bower-asset/inputmask": "~3.2.2 | ~3.3.5",
                "bower-asset/jquery": "3.5.*@stable | 3.4.*@stable | 3.3.*@stable | 3.2.*@stable | 3.1.*@stable | 2.2.*@stable | 2.1.*@stable | 1.11.*@stable | 1.12.*@stable",
                "bower-asset/punycode": "1.3.*",
                "bower-asset/yii2-pjax": "~2.0.1",
                "cebe/markdown": "~1.0.0 | ~1.1.0 | ~1.2.0",
                "ext-ctype": "*",
                "ext-mbstring": "*",
                "ezyang/htmlpurifier": "~4.6",
                "lib-pcre": "*",
                "php": ">=5.4.0",
                "yiisoft/yii2-composer": "~2.0.4"
            },
            "bin": [
                "yii"
            ],
            "type": "library",
            "extra": {
                "branch-alias": {
                    "dev-master": "2.0.x-dev"
                }
            },
            "autoload": {
                "psr-4": {
                    "yii\\": ""
                }
            },
            "notification-url": "https://packagist.org/downloads/",
            "license": [
                "BSD-3-Clause"
            ],
            "authors": [
                {
                    "name": "Qiang Xue",
                    "email": "qiang.xue@gmail.com",
                    "homepage": "http://www.yiiframework.com/",
                    "role": "Founder and project lead"
                },
                {
                    "name": "Alexander Makarov",
                    "email": "sam@rmcreative.ru",
                    "homepage": "http://rmcreative.ru/",
                    "role": "Core framework development"
                },
                {
                    "name": "Maurizio Domba",
                    "homepage": "http://mdomba.info/",
                    "role": "Core framework development"
                },
                {
                    "name": "Carsten Brandt",
                    "email": "mail@cebe.cc",
                    "homepage": "http://cebe.cc/",
                    "role": "Core framework development"
                },
                {
                    "name": "Timur Ruziev",
                    "email": "resurtm@gmail.com",
                    "homepage": "http://resurtm.com/",
                    "role": "Core framework development"
                },
                {
                    "name": "Paul Klimov",
                    "email": "klimov.paul@gmail.com",
                    "role": "Core framework development"
                },
                {
                    "name": "Dmitry Naumenko",
                    "email": "d.naumenko.a@gmail.com",
                    "role": "Core framework development"
                },
                {
                    "name": "Boudewijn Vahrmeijer",
                    "email": "info@dynasource.eu",
                    "homepage": "http://dynasource.eu",
                    "role": "Core framework development"
                }
            ],
            "description": "Yii PHP Framework Version 2",
            "homepage": "http://www.yiiframework.com/",
            "keywords": [
                "framework",
                "yii2"
            ],
            "time": "2020-07-07T21:45:32+00:00"
        },
        {
            "name": "yiisoft/yii2-composer",
            "version": "2.0.10",
            "source": {
                "type": "git",
                "url": "https://github.com/yiisoft/yii2-composer.git",
                "reference": "94bb3f66e779e2774f8776d6e1bdeab402940510"
            },
            "dist": {
                "type": "zip",
                "url": "https://api.github.com/repos/yiisoft/yii2-composer/zipball/94bb3f66e779e2774f8776d6e1bdeab402940510",
                "reference": "94bb3f66e779e2774f8776d6e1bdeab402940510",
                "shasum": "",
                "mirrors": [
                    {
                        "url": "https://mirrors.aliyun.com/composer/dists/%package%/%reference%.%type%",
                        "preferred": true
                    }
                ]
            },
            "require": {
                "composer-plugin-api": "^1.0 | ^2.0"
            },
            "require-dev": {
                "composer/composer": "^1.0 | ^2.0@dev",
                "phpunit/phpunit": "<7"
            },
            "type": "composer-plugin",
            "extra": {
                "class": "yii\\composer\\Plugin",
                "branch-alias": {
                    "dev-master": "2.0.x-dev"
                }
            },
            "autoload": {
                "psr-4": {
                    "yii\\composer\\": ""
                }
            },
            "notification-url": "https://packagist.org/downloads/",
            "license": [
                "BSD-3-Clause"
            ],
            "authors": [
                {
                    "name": "Qiang Xue",
                    "email": "qiang.xue@gmail.com"
                },
                {
                    "name": "Carsten Brandt",
                    "email": "mail@cebe.cc"
                }
            ],
            "description": "The composer plugin for Yii extension installer",
            "keywords": [
                "composer",
                "extension installer",
                "yii2"
            ],
            "time": "2020-06-24T00:04:01+00:00"
        }
    ],
    "packages-dev": [],
    "aliases": [],
    "minimum-stability": "stable",
    "stability-flags": [],
    "prefer-stable": false,
    "prefer-lowest": false,
    "platform": [],
    "platform-dev": [],
    "plugin-api-version": "2.3.0"
}
